
Microsoft Visual Studio Solution File, Format Version 12.00
# Visual Studio 15
VisualStudioVersion = 15.0.27703.2042
MinimumVisualStudioVersion = 10.0.40219.1
Project("{FAE04EC0-301F-11D3-BF4B-00C04F79EFBC}") = "DIP.demo", "DIP.demo\DIP.demo.csproj", "{CAA6A0C7-0EFD-46EF-8610-937433F1E796}"
EndProject
Global
	GlobalSection(SolutionConfigurationPlatforms) = preSolution
		Debug|Any CPU = Debug|Any CPU
		Release|Any CPU = Release|Any CPU
	EndGlobalSection
	GlobalSection(ProjectConfigurationPlatforms) = postSolution
		{CAA6A0C7-0EFD-46EF-8610-937433F1E796}.Debug|Any CPU.ActiveCfg = Debug|Any CPU
		{CAA6A0C7-0EFD-46EF-8610-937433F1E796}.Debug|Any CPU.Build.0 = Debug|Any CPU
		{CAA6A0C7-0EFD-46EF-8610-937433F1E796}.Release|Any CPU.ActiveCfg = Release|Any CPU
		{CAA6A0C7-0EFD-46EF-8610-937433F1E796}.Release|Any CPU.Build.0 = Release|Any CPU
	EndGlobalSection
	GlobalSection(SolutionProperties) = preSolution
		HideSolutionNode = FALSE
	EndGlobalSection
	GlobalSection(ExtensibilityGlobals) = postSolution
		SolutionGuid = {FBF4BFE6-3874-45DC-8D8A-2B46970C5ECB}
	EndGlobalSection
EndGlobal
